<?xml version="1.0" encoding="UTF-8"?>
<Scheme
   LastUpgradeVersion = "0640"
   version = "1.3">
   <BuildAction
      parallelizeBuildables = "YES"
      buildImplicitDependencies = "YES">
      <BuildActionEntries>
         <BuildActionEntry
            buildForTesting = "YES"
            buildForRunning = "YES"
            buildForProfiling = "YES"
            buildForArchiving = "YES"
            buildForAnalyzing = "YES">
            <BuildableReference
               BuildableIdentifier = "primary"
               BlueprintIdentifier = "46CFCF721B5EC0FC0063FBA1"
               BuildableName = "Great Days WatchKit App.app"
               BlueprintName = "Great Days WatchKit App"
               ReferencedContainer = "container:iwatch30may.xcodeproj">
            </BuildableReference>
         </BuildActionEntry>
         <BuildActionEntry
            buildForTesting = "YES"
            buildForRunning = "YES"
            buildForProfiling = "YES"
            buildForArchiving = "YES"
            buildForAnalyzing = "YES">
            <BuildableReference
               BuildableIdentifier = "primary"
               BlueprintIdentifier = "8CB3458A1ABB3B0C0093408C"
               BuildableName = "iwatch30may.app"
               BlueprintName = "iwatch30may"
               ReferencedContainer = "container:iwatch30may.xcodeproj">
            </BuildableReference>
         </BuildActionEntry>
         <BuildActionEntry
            buildForTesting = "YES"
            buildForRunning = "YES"
            buildForProfiling = "YES"
            buildForArchiving = "YES"
            buildForAnalyzing = "YES">
            <BuildableReference
               BuildableIdentifier = "primary"
               BlueprintIdentifier = "46CFCF671B5EC0FB0063FBA1"
               BuildableName = "Great Days WatchKit Extension.appex"
               BlueprintName = "Great Days WatchKit Extension"
               ReferencedContainer = "container:iwatch30may.xcodeproj">
            </BuildableReference>
         </BuildActionEntry>
      </BuildActionEntries>
   </BuildAction>
   <TestAction
      buildConfiguration = "Debug"
      selectedDebuggerIdentifier = "Xcode.DebuggerFoundation.Debugger.LLDB"
      selectedLauncherIdentifier = "Xcode.DebuggerFoundation.Launcher.LLDB"
      shouldUseLaunchSchemeArgsEnv = "YES">
      <Testables>
      </Testables>
      <MacroExpansion>
         <BuildableReference
            BuildableIdentifier = "primary"
            BlueprintIdentifier = "46CFCF721B5EC0FC0063FBA1"
            BuildableName = "Great Days WatchKit App.app"
            BlueprintName = "Great Days WatchKit App"
            ReferencedContainer = "container:iwatch30may.xcodeproj">
         </BuildableReference>
      </MacroExpansion>
      <AdditionalOptions>
      </AdditionalOptions>
   </TestAction>
   <LaunchAction
      buildConfiguration = "Debug"
      selectedDebuggerIdentifier = "Xcode.DebuggerFoundation.Debugger.LLDB"
      selectedLauncherIdentifier = "Xcode.DebuggerFoundation.Launcher.LLDB"
      launchStyle = "0"
      useCustomWorkingDirectory = "NO"
      ignoresPersistentStateOnLaunch = "NO"
      debugDocumentVersioning = "YES"
      debugServiceExtension = "internal"
      allowLocationSimulation = "YES">
      <RemoteRunnable
         runnableDebuggingMode = "2"
         BundleIdentifier = "com.apple.springboard"
         RemotePath = "/Great Days">
         <BuildableReference
            BuildableIdentifier = "primary"
            BlueprintIdentifier = "46CFCF721B5EC0FC0063FBA1"
            BuildableName = "Great Days WatchKit App.app"
            BlueprintName = "Great Days WatchKit App"
            ReferencedContainer = "container:iwatch30may.xcodeproj">
         </BuildableReference>
      </RemoteRunnable>
      <MacroExpansion>
         <BuildableReference
            BuildableIdentifier = "primary"
            BlueprintIdentifier = "46CFCF721B5EC0FC0063FBA1"
            BuildableName = "Great Days WatchKit App.app"
            BlueprintName = "Great Days WatchKit App"
            ReferencedContainer = "container:iwatch30may.xcodeproj">
         </BuildableReference>
      </MacroExpansion>
      <AdditionalOptions>
      </AdditionalOptions>
   </LaunchAction>
   <ProfileAction
      buildConfiguration = "Release"
      shouldUseLaunchSchemeArgsEnv = "YES"
      savedToolIdentifier = ""
      useCustomWorkingDirectory = "NO"
      debugDocumentVersioning = "YES">
      <RemoteRunnable
         runnableDebuggingMode = "2"
         BundleIdentifier = "com.apple.springboard"
         RemotePath = "/Great Days">
         <BuildableReference
            BuildableIdentifier = "primary"
            BlueprintIdentifier = "46CFCF721B5EC0FC0063FBA1"
            BuildableName = "Great Days WatchKit App.app"
            BlueprintName = "Great Days WatchKit App"
            ReferencedContainer = "container:iwatch30may.xcodeproj">
         </BuildableReference>
      </RemoteRunnable>
      <MacroExpansion>
         <BuildableReference
            BuildableIdentifier = "primary"
            BlueprintIdentifier = "46CFCF721B5EC0FC0063FBA1"
            BuildableName = "Great Days WatchKit App.app"
            BlueprintName = "Great Days WatchKit App"
            ReferencedContainer = "container:iwatch30may.xcodeproj">
         </BuildableReference>
      </MacroExpansion>
   </ProfileAction>
   <AnalyzeAction
      buildConfiguration = "Debug">
   </AnalyzeAction>
   <ArchiveAction
      buildConfiguration = "Release"
      revealArchiveInOrganizer = "YES">
   </ArchiveAction>
</Scheme>
